{
  "name": "phi-ratio-coloring",
  "version": "1.0.0",
  "lockfileVersion": 1,
  "requires": true,
  "dependencies": {
    "phi-colors": {
      "version": "0.0.1",
      "resolved": "https://registry.npmjs.org/phi-colors/-/phi-colors-0.0.1.tgz",
      "integrity": "sha512-FnByREocSxouiX6ImdJEFSoIkQpV86U3DaJi1LUHwtotIhIzEIiLt4Dwz23Um7772CE611pRtriJexI6gTzxnw=="
    }
  }
}
