{
  "name": "phi-ratio-coloring",
  "version": "1.0.0",
  "lockfileVersion": 1,
  "requires": true,
  "dependencies": {
    "phi-colors": {
      "version": "1.0.0",
      "resolved": "https://registry.npmjs.org/phi-colors/-/phi-colors-1.0.0.tgz",
      "integrity": "sha512-oGUy+Hq3738Z7+sc54o+gz4rigzSbzZ1H5Lwujh+NKNhHkQfkze6bVFEaocXSbIfvUBNdd/VGh5m9ODekeeQvw=="
    }
  }
}
