{
  "name": "phi-ratio-coloring",
  "version": "1.0.0",
  "lockfileVersion": 1,
  "requires": true,
  "dependencies": {
    "phi-colors": {
      "version": "0.0.2",
      "resolved": "https://registry.npmjs.org/phi-colors/-/phi-colors-0.0.2.tgz",
      "integrity": "sha512-FngvrjB00yi7Ez9wkoj+EwJ/ar7WmXWH/RQwG0yRyJSYfP/hkSE1z2DJMCZL+326xKx9+WYQ6uc8JG0+93hz+A=="
    }
  }
}
